
Microsoft Visual Studio Solution File, Format Version 12.00
# Visual Studio Version 17
VisualStudioVersion = 17.2.32505.173
MinimumVisualStudioVersion = 10.0.40219.1
Project("{9A19103F-16F7-4668-BE54-9A1E7A4F7556}") = "BootNet", "BootNet\BootNet.csproj", "{ECD53429-88E0-4BF2-9871-9C79ED9A1820}"
EndProject
Project("{2150E333-8FDC-42A3-9474-1A3956D46DE8}") = "Solution Items", "Solution Items", "{777BD876-9534-438E-B251-A8C057EC9595}"
	ProjectSection(SolutionItems) = preProject
		.editorconfig = .editorconfig
	EndProjectSection
EndProject
Global
	GlobalSection(SolutionConfigurationPlatforms) = preSolution
		Debug|Any CPU = Debug|Any CPU
		Release|Any CPU = Release|Any CPU
	EndGlobalSection
	GlobalSection(ProjectConfigurationPlatforms) = postSolution
		{ECD53429-88E0-4BF2-9871-9C79ED9A1820}.Debug|Any CPU.ActiveCfg = Debug|Any CPU
		{ECD53429-88E0-4BF2-9871-9C79ED9A1820}.Debug|Any CPU.Build.0 = Debug|Any CPU
		{ECD53429-88E0-4BF2-9871-9C79ED9A1820}.Release|Any CPU.ActiveCfg = Release|Any CPU
		{ECD53429-88E0-4BF2-9871-9C79ED9A1820}.Release|Any CPU.Build.0 = Release|Any CPU
	EndGlobalSection
	GlobalSection(SolutionProperties) = preSolution
		HideSolutionNode = FALSE
	EndGlobalSection
	GlobalSection(ExtensibilityGlobals) = postSolution
		SolutionGuid = {12E252BB-D16F-474F-AF3F-AFDDE1FE1D00}
	EndGlobalSection
EndGlobal
