
Microsoft Visual Studio Solution File, Format Version 12.00
# Visual Studio Version 17
VisualStudioVersion = 17.1.32421.90
MinimumVisualStudioVersion = 10.0.40219.1
Project("{FAE04EC0-301F-11D3-BF4B-00C04F79EFBC}") = "BootNet", "BootNet\BootNet.csproj", "{1F410EF9-E179-4B21-9A3F-AD102E44175D}"
EndProject
Global
	GlobalSection(SolutionConfigurationPlatforms) = preSolution
		Debug|Any CPU = Debug|Any CPU
		Release|Any CPU = Release|Any CPU
	EndGlobalSection
	GlobalSection(ProjectConfigurationPlatforms) = postSolution
		{1F410EF9-E179-4B21-9A3F-AD102E44175D}.Debug|Any CPU.ActiveCfg = Debug|Any CPU
		{1F410EF9-E179-4B21-9A3F-AD102E44175D}.Debug|Any CPU.Build.0 = Debug|Any CPU
		{1F410EF9-E179-4B21-9A3F-AD102E44175D}.Release|Any CPU.ActiveCfg = Release|Any CPU
		{1F410EF9-E179-4B21-9A3F-AD102E44175D}.Release|Any CPU.Build.0 = Release|Any CPU
	EndGlobalSection
	GlobalSection(SolutionProperties) = preSolution
		HideSolutionNode = FALSE
	EndGlobalSection
	GlobalSection(ExtensibilityGlobals) = postSolution
		SolutionGuid = {FCA3F4CA-9B40-4AF2-84A2-F28354C0995D}
	EndGlobalSection
EndGlobal
